github.com/gunturwsn/learn-go-module v1.0.0 h1:vgxyTfg1qHEd2YwSfajAiaZXZWzFQmjM+96SnnBult8=
github.com/gunturwsn/learn-go-module v1.0.0/go.mod h1:C5XAVHsln9ibEU+7QJJ3IfKP37V0zOm4HmpmBlbyBog=
github.com/gunturwsn/learn-go-module v1.5.0 h1:XtE05u8Ohdfl96zOL8vSzL4OfSZ+kHQZHQirFZcjs9k=
github.com/gunturwsn/learn-go-module v1.5.0/go.mod h1:C5XAVHsln9ibEU+7QJJ3IfKP37V0zOm4HmpmBlbyBog=
github.com/gunturwsn/learn-go-module/v2 v2.0.0 h1:5lLM8z8n5rE5E0Wq70qAE7uE3aBIu8CBiHP6fcCZ2po=
github.com/gunturwsn/learn-go-module/v2 v2.0.0/go.mod h1:NOTnutcGGobBW5QcMbDmd7CQ/XP8lVOPpuvywWtVGEQ=
